
Microsoft Visual Studio Solution File, Format Version 12.00
# 
Project("{2150E333-8FDC-42A3-9474-1A3956D46DE8}") = "tests", "tests", "{60B4661F-6BA3-4385-AD5D-81A9CCF5B686}"
EndProject
Project("{FAE04EC0-301F-11D3-BF4B-00C04F79EFBC}") = "FulfillmentCenter.Tests", "tests\FulfillmentCenter.Tests\FulfillmentCenter.Tests.csproj", "{603BBF50-7599-467A-A558-BE871AD38258}"
EndProject
Project("{FAE04EC0-301F-11D3-BF4B-00C04F79EFBC}") = "FulfillmentCenter", "src\FulfillmentCenter.csproj", "{9EDB8696-5CDB-451F-A927-56A30078DCEF}"
EndProject
Global
	GlobalSection(SolutionConfigurationPlatforms) = preSolution
		Debug|Any CPU = Debug|Any CPU
		Release|Any CPU = Release|Any CPU
	EndGlobalSection
	GlobalSection(ProjectConfigurationPlatforms) = postSolution
		{603BBF50-7599-467A-A558-BE871AD38258}.Debug|Any CPU.ActiveCfg = Debug|Any CPU
		{603BBF50-7599-467A-A558-BE871AD38258}.Debug|Any CPU.Build.0 = Debug|Any CPU
		{603BBF50-7599-467A-A558-BE871AD38258}.Release|Any CPU.ActiveCfg = Release|Any CPU
		{603BBF50-7599-467A-A558-BE871AD38258}.Release|Any CPU.Build.0 = Release|Any CPU
		{9EDB8696-5CDB-451F-A927-56A30078DCEF}.Debug|Any CPU.ActiveCfg = Debug|Any CPU
		{9EDB8696-5CDB-451F-A927-56A30078DCEF}.Debug|Any CPU.Build.0 = Debug|Any CPU
		{9EDB8696-5CDB-451F-A927-56A30078DCEF}.Release|Any CPU.ActiveCfg = Release|Any CPU
		{9EDB8696-5CDB-451F-A927-56A30078DCEF}.Release|Any CPU.Build.0 = Release|Any CPU
	EndGlobalSection
	GlobalSection(NestedProjects) = preSolution
		{603BBF50-7599-467A-A558-BE871AD38258} = {60B4661F-6BA3-4385-AD5D-81A9CCF5B686}
	EndGlobalSection
EndGlobal
